
Microsoft Visual Studio Solution File, Format Version 12.00
# Visual Studio Version 17
VisualStudioVersion = 17.4.33103.184
MinimumVisualStudioVersion = 10.0.40219.1
Project("{9A19103F-16F7-4668-BE54-9A1E7A4F7556}") = "Tycho", "Tycho\Tycho.csproj", "{8774D167-57E3-4598-8B9F-CB5A376E656A}"
EndProject
Project("{9A19103F-16F7-4668-BE54-9A1E7A4F7556}") = "UnitTests", "UnitTests\UnitTests.csproj", "{D4C75946-56C2-44B0-9C62-F620F40BB18E}"
EndProject
Project("{FAE04EC0-301F-11D3-BF4B-00C04F79EFBC}") = "IntegrationTests", "IntegrationTests\IntegrationTests.csproj", "{97BC4F27-09B7-4720-ABA4-BB9A93C70B11}"
EndProject
Global
	GlobalSection(SolutionConfigurationPlatforms) = preSolution
		Debug|Any CPU = Debug|Any CPU
		Release|Any CPU = Release|Any CPU
	EndGlobalSection
	GlobalSection(ProjectConfigurationPlatforms) = postSolution
		{8774D167-57E3-4598-8B9F-CB5A376E656A}.Debug|Any CPU.ActiveCfg = Debug|Any CPU
		{8774D167-57E3-4598-8B9F-CB5A376E656A}.Debug|Any CPU.Build.0 = Debug|Any CPU
		{8774D167-57E3-4598-8B9F-CB5A376E656A}.Release|Any CPU.ActiveCfg = Release|Any CPU
		{8774D167-57E3-4598-8B9F-CB5A376E656A}.Release|Any CPU.Build.0 = Release|Any CPU
		{D4C75946-56C2-44B0-9C62-F620F40BB18E}.Debug|Any CPU.ActiveCfg = Debug|Any CPU
		{D4C75946-56C2-44B0-9C62-F620F40BB18E}.Debug|Any CPU.Build.0 = Debug|Any CPU
		{D4C75946-56C2-44B0-9C62-F620F40BB18E}.Release|Any CPU.ActiveCfg = Release|Any CPU
		{D4C75946-56C2-44B0-9C62-F620F40BB18E}.Release|Any CPU.Build.0 = Release|Any CPU
		{97BC4F27-09B7-4720-ABA4-BB9A93C70B11}.Debug|Any CPU.ActiveCfg = Debug|Any CPU
		{97BC4F27-09B7-4720-ABA4-BB9A93C70B11}.Debug|Any CPU.Build.0 = Debug|Any CPU
		{97BC4F27-09B7-4720-ABA4-BB9A93C70B11}.Release|Any CPU.ActiveCfg = Release|Any CPU
		{97BC4F27-09B7-4720-ABA4-BB9A93C70B11}.Release|Any CPU.Build.0 = Release|Any CPU
	EndGlobalSection
	GlobalSection(SolutionProperties) = preSolution
		HideSolutionNode = FALSE
	EndGlobalSection
	GlobalSection(ExtensibilityGlobals) = postSolution
		SolutionGuid = {6FE3C5F3-2C5E-4F03-BEBF-BD3F53AE662C}
	EndGlobalSection
EndGlobal
